{
  "name": "nbt-ts",
  "version": "1.3.4",
  "lockfileVersion": 2,
  "requires": true,
  "packages": {
    "": {
      "version": "1.3.4",
      "license": "MIT",
      "devDependencies": {
        "@types/node": "^16.4.8",
        "typescript": "^4.3.5"
      }
    },
    "node_modules/@types/node": {
      "version": "16.4.8",
      "resolved": "https://registry.npmjs.org/@types/node/-/node-16.4.8.tgz",
      "integrity": "sha512-VL7RZyCpfYEmbyd3/Eq5RNYhZt7yoL1JThZQ3KzimzhLya2Qa86U1ZZmioNWAAjiz99z1ED1xF9NUV2srvfVrA==",
      "dev": true
    },
    "node_modules/typescript": {
      "version": "4.3.5",
      "resolved": "https://registry.npmjs.org/typescript/-/typescript-4.3.5.tgz",
      "integrity": "sha512-DqQgihaQ9cUrskJo9kIyW/+g0Vxsk8cDtZ52a3NGh0YNTfpUSArXSohyUGnvbPazEPLu398C0UxmKSOrPumUzA==",
      "dev": true,
      "bin": {
        "tsc": "bin/tsc",
        "tsserver": "bin/tsserver"
      },
      "engines": {
        "node": ">=4.2.0"
      }
    }
  },
  "dependencies": {
    "@types/node": {
      "version": "16.4.8",
      "resolved": "https://registry.npmjs.org/@types/node/-/node-16.4.8.tgz",
      "integrity": "sha512-VL7RZyCpfYEmbyd3/Eq5RNYhZt7yoL1JThZQ3KzimzhLya2Qa86U1ZZmioNWAAjiz99z1ED1xF9NUV2srvfVrA==",
      "dev": true
    },
    "typescript": {
      "version": "4.3.5",
      "resolved": "https://registry.npmjs.org/typescript/-/typescript-4.3.5.tgz",
      "integrity": "sha512-DqQgihaQ9cUrskJo9kIyW/+g0Vxsk8cDtZ52a3NGh0YNTfpUSArXSohyUGnvbPazEPLu398C0UxmKSOrPumUzA==",
      "dev": true
    }
  }
}
